
Microsoft Visual Studio Solution File, Format Version 12.00
# Visual Studio Version 17
VisualStudioVersion = 17.5.2.0
MinimumVisualStudioVersion = 10.0.40219.1
Project("{2150E333-8FDC-42A3-9474-1A3956D46DE8}") = "src", "src", "{827E0CD3-B72D-47B6-A68D-7590B98EB39B}"
EndProject
Project("{FAE04EC0-301F-11D3-BF4B-00C04F79EFBC}") = "SmartParkingLot.Core", "src\Core\SmartParkingLot.Core.csproj", "{A1B2C3D4-1111-2222-3333-444455556666}"
EndProject
Project("{FAE04EC0-301F-11D3-BF4B-00C04F79EFBC}") = "SmartParkingLot.Application", "src\Application\SmartParkingLot.Application.csproj", "{A1B2C3D4-1111-2222-3333-444455557777}"
EndProject
Project("{FAE04EC0-301F-11D3-BF4B-00C04F79EFBC}") = "SmartParkingLot.Hardware", "src\Hardware\SmartParkingLot.Hardware.csproj", "{A1B2C3D4-1111-2222-3333-444455558888}"
EndProject
Project("{FAE04EC0-301F-11D3-BF4B-00C04F79EFBC}") = "SmartParkingLot.Cli", "src\Cli\SmartParkingLot.Cli.csproj", "{A1B2C3D4-1111-2222-3333-444455559999}"
EndProject
Project("{2150E333-8FDC-42A3-9474-1A3956D46DE8}") = "tests", "tests", "{0AB3BF05-4346-4AA6-1389-037BE0695223}"
EndProject
Project("{FAE04EC0-301F-11D3-BF4B-00C04F79EFBC}") = "SmartParkingLot.Tests", "tests\SmartParkingLot.Tests\SmartParkingLot.Tests.csproj", "{4E738BA7-431C-491F-B588-20DFFAFB2A27}"
EndProject
Project("{2150E333-8FDC-42A3-9474-1A3956D46DE8}") = "Core", "Core", "{8D626EA8-CB54-BC41-363A-217881BEBA6E}"
EndProject
Project("{2150E333-8FDC-42A3-9474-1A3956D46DE8}") = "Application", "Application", "{22BAF98C-8415-17C4-B26A-D537657BC863}"
EndProject
Project("{2150E333-8FDC-42A3-9474-1A3956D46DE8}") = "Hardware", "Hardware", "{B4116C48-8FF7-5D01-DF7A-72874D6EE202}"
EndProject
Global
	GlobalSection(SolutionConfigurationPlatforms) = preSolution
		Debug|Any CPU = Debug|Any CPU
		Debug|x64 = Debug|x64
		Debug|x86 = Debug|x86
		Release|Any CPU = Release|Any CPU
		Release|x64 = Release|x64
		Release|x86 = Release|x86
	EndGlobalSection
	GlobalSection(ProjectConfigurationPlatforms) = postSolution
		{A1B2C3D4-1111-2222-3333-444455556666}.Debug|Any CPU.ActiveCfg = Debug|Any CPU
		{A1B2C3D4-1111-2222-3333-444455556666}.Debug|Any CPU.Build.0 = Debug|Any CPU
		{A1B2C3D4-1111-2222-3333-444455556666}.Debug|x64.ActiveCfg = Debug|Any CPU
		{A1B2C3D4-1111-2222-3333-444455556666}.Debug|x64.Build.0 = Debug|Any CPU
		{A1B2C3D4-1111-2222-3333-444455556666}.Debug|x86.ActiveCfg = Debug|Any CPU
		{A1B2C3D4-1111-2222-3333-444455556666}.Debug|x86.Build.0 = Debug|Any CPU
		{A1B2C3D4-1111-2222-3333-444455556666}.Release|Any CPU.ActiveCfg = Release|Any CPU
		{A1B2C3D4-1111-2222-3333-444455556666}.Release|Any CPU.Build.0 = Release|Any CPU
		{A1B2C3D4-1111-2222-3333-444455556666}.Release|x64.ActiveCfg = Release|Any CPU
		{A1B2C3D4-1111-2222-3333-444455556666}.Release|x64.Build.0 = Release|Any CPU
		{A1B2C3D4-1111-2222-3333-444455556666}.Release|x86.ActiveCfg = Release|Any CPU
		{A1B2C3D4-1111-2222-3333-444455556666}.Release|x86.Build.0 = Release|Any CPU
		{A1B2C3D4-1111-2222-3333-444455557777}.Debug|Any CPU.ActiveCfg = Debug|Any CPU
		{A1B2C3D4-1111-2222-3333-444455557777}.Debug|Any CPU.Build.0 = Debug|Any CPU
		{A1B2C3D4-1111-2222-3333-444455557777}.Debug|x64.ActiveCfg = Debug|Any CPU
		{A1B2C3D4-1111-2222-3333-444455557777}.Debug|x64.Build.0 = Debug|Any CPU
		{A1B2C3D4-1111-2222-3333-444455557777}.Debug|x86.ActiveCfg = Debug|Any CPU
		{A1B2C3D4-1111-2222-3333-444455557777}.Debug|x86.Build.0 = Debug|Any CPU
		{A1B2C3D4-1111-2222-3333-444455557777}.Release|Any CPU.ActiveCfg = Release|Any CPU
		{A1B2C3D4-1111-2222-3333-444455557777}.Release|Any CPU.Build.0 = Release|Any CPU
		{A1B2C3D4-1111-2222-3333-444455557777}.Release|x64.ActiveCfg = Release|Any CPU
		{A1B2C3D4-1111-2222-3333-444455557777}.Release|x64.Build.0 = Release|Any CPU
		{A1B2C3D4-1111-2222-3333-444455557777}.Release|x86.ActiveCfg = Release|Any CPU
		{A1B2C3D4-1111-2222-3333-444455557777}.Release|x86.Build.0 = Release|Any CPU
		{A1B2C3D4-1111-2222-3333-444455558888}.Debug|Any CPU.ActiveCfg = Debug|Any CPU
		{A1B2C3D4-1111-2222-3333-444455558888}.Debug|Any CPU.Build.0 = Debug|Any CPU
		{A1B2C3D4-1111-2222-3333-444455558888}.Debug|x64.ActiveCfg = Debug|Any CPU
		{A1B2C3D4-1111-2222-3333-444455558888}.Debug|x64.Build.0 = Debug|Any CPU
		{A1B2C3D4-1111-2222-3333-444455558888}.Debug|x86.ActiveCfg = Debug|Any CPU
		{A1B2C3D4-1111-2222-3333-444455558888}.Debug|x86.Build.0 = Debug|Any CPU
		{A1B2C3D4-1111-2222-3333-444455558888}.Release|Any CPU.ActiveCfg = Release|Any CPU
		{A1B2C3D4-1111-2222-3333-444455558888}.Release|Any CPU.Build.0 = Release|Any CPU
		{A1B2C3D4-1111-2222-3333-444455558888}.Release|x64.ActiveCfg = Release|Any CPU
		{A1B2C3D4-1111-2222-3333-444455558888}.Release|x64.Build.0 = Release|Any CPU
		{A1B2C3D4-1111-2222-3333-444455558888}.Release|x86.ActiveCfg = Release|Any CPU
		{A1B2C3D4-1111-2222-3333-444455558888}.Release|x86.Build.0 = Release|Any CPU
		{A1B2C3D4-1111-2222-3333-444455559999}.Debug|Any CPU.ActiveCfg = Debug|Any CPU
		{A1B2C3D4-1111-2222-3333-444455559999}.Debug|Any CPU.Build.0 = Debug|Any CPU
		{A1B2C3D4-1111-2222-3333-444455559999}.Debug|x64.ActiveCfg = Debug|Any CPU
		{A1B2C3D4-1111-2222-3333-444455559999}.Debug|x64.Build.0 = Debug|Any CPU
		{A1B2C3D4-1111-2222-3333-444455559999}.Debug|x86.ActiveCfg = Debug|Any CPU
		{A1B2C3D4-1111-2222-3333-444455559999}.Debug|x86.Build.0 = Debug|Any CPU
		{A1B2C3D4-1111-2222-3333-444455559999}.Release|Any CPU.ActiveCfg = Release|Any CPU
		{A1B2C3D4-1111-2222-3333-444455559999}.Release|Any CPU.Build.0 = Release|Any CPU
		{A1B2C3D4-1111-2222-3333-444455559999}.Release|x64.ActiveCfg = Release|Any CPU
		{A1B2C3D4-1111-2222-3333-444455559999}.Release|x64.Build.0 = Release|Any CPU
		{A1B2C3D4-1111-2222-3333-444455559999}.Release|x86.ActiveCfg = Release|Any CPU
		{A1B2C3D4-1111-2222-3333-444455559999}.Release|x86.Build.0 = Release|Any CPU
		{4E738BA7-431C-491F-B588-20DFFAFB2A27}.Debug|Any CPU.ActiveCfg = Debug|Any CPU
		{4E738BA7-431C-491F-B588-20DFFAFB2A27}.Debug|Any CPU.Build.0 = Debug|Any CPU
		{4E738BA7-431C-491F-B588-20DFFAFB2A27}.Debug|x64.ActiveCfg = Debug|Any CPU
		{4E738BA7-431C-491F-B588-20DFFAFB2A27}.Debug|x64.Build.0 = Debug|Any CPU
		{4E738BA7-431C-491F-B588-20DFFAFB2A27}.Debug|x86.ActiveCfg = Debug|Any CPU
		{4E738BA7-431C-491F-B588-20DFFAFB2A27}.Debug|x86.Build.0 = Debug|Any CPU
		{4E738BA7-431C-491F-B588-20DFFAFB2A27}.Release|Any CPU.ActiveCfg = Release|Any CPU
		{4E738BA7-431C-491F-B588-20DFFAFB2A27}.Release|Any CPU.Build.0 = Release|Any CPU
		{4E738BA7-431C-491F-B588-20DFFAFB2A27}.Release|x64.ActiveCfg = Release|Any CPU
		{4E738BA7-431C-491F-B588-20DFFAFB2A27}.Release|x64.Build.0 = Release|Any CPU
		{4E738BA7-431C-491F-B588-20DFFAFB2A27}.Release|x86.ActiveCfg = Release|Any CPU
		{4E738BA7-431C-491F-B588-20DFFAFB2A27}.Release|x86.Build.0 = Release|Any CPU
	EndGlobalSection
	GlobalSection(SolutionProperties) = preSolution
		HideSolutionNode = FALSE
	EndGlobalSection
	GlobalSection(NestedProjects) = preSolution
		{A1B2C3D4-1111-2222-3333-444455556666} = {827E0CD3-B72D-47B6-A68D-7590B98EB39B}
		{A1B2C3D4-1111-2222-3333-444455557777} = {827E0CD3-B72D-47B6-A68D-7590B98EB39B}
		{A1B2C3D4-1111-2222-3333-444455558888} = {827E0CD3-B72D-47B6-A68D-7590B98EB39B}
		{A1B2C3D4-1111-2222-3333-444455559999} = {827E0CD3-B72D-47B6-A68D-7590B98EB39B}
		{4E738BA7-431C-491F-B588-20DFFAFB2A27} = {0AB3BF05-4346-4AA6-1389-037BE0695223}
		{8D626EA8-CB54-BC41-363A-217881BEBA6E} = {827E0CD3-B72D-47B6-A68D-7590B98EB39B}
		{22BAF98C-8415-17C4-B26A-D537657BC863} = {827E0CD3-B72D-47B6-A68D-7590B98EB39B}
		{B4116C48-8FF7-5D01-DF7A-72874D6EE202} = {827E0CD3-B72D-47B6-A68D-7590B98EB39B}
	EndGlobalSection
	GlobalSection(ExtensibilityGlobals) = postSolution
		SolutionGuid = {29B503E8-0EF9-422D-A53F-4B73CBEE4CEE}
	EndGlobalSection
EndGlobal
